// !$*UTF8*$!
{
	archiveVersion = 1;
	classes = {
	};
	objectVersion = 56;
	objects = {

/* Begin PBXBuildFile section */
		3A495A632A9CAE07000076C7 /* GoogleService-Info.plist in Resources */ = {isa = PBXBuildFile; fileRef = 3A495A622A9CAE07000076C7 /* GoogleService-Info.plist */; };
		3A7C4AC62AA7EAF90081D707 /* FullScreenViewController.swift in Sources */ = {isa = PBXBuildFile; fileRef = 3A7C4AC52AA7EAF90081D707 /* FullScreenViewController.swift */; };
		FF06E04429DD8B63003C8095 /* SearchPicker.swift in Sources */ = {isa = PBXBuildFile; fileRef = FF06E04329DD8B63003C8095 /* SearchPicker.swift */; };
		FF0DB72229D6FB8B00F492C9 /* CoreData.xcdatamodeld in Sources */ = {isa = PBXBuildFile; fileRef = FF0DB72029D6FB8B00F492C9 /* CoreData.xcdatamodeld */; };
		FF0DB72429D6FBC400F492C9 /* CoreDataManager.swift in Sources */ = {isa = PBXBuildFile; fileRef = FF0DB72329D6FBC400F492C9 /* CoreDataManager.swift */; };
		FF31F41E29471712009C1461 /* ProfileHeaderView.swift in Sources */ = {isa = PBXBuildFile; fileRef = FF31F41D29471712009C1461 /* ProfileHeaderView.swift */; };
		FF3BD3C92993FFCE00F4CE31 /* iOSIntPackage in Frameworks */ = {isa = PBXBuildFile; productRef = FF3BD3C82993FFCE00F4CE31 /* iOSIntPackage */; };
		FF3EC6E6298B6729006D7A72 /* UserService.swift in Sources */ = {isa = PBXBuildFile; fileRef = FF3EC6E5298B6729006D7A72 /* UserService.swift */; };
		FF3EC6E8298B678B006D7A72 /* FirstSectionTableViewCell.swift in Sources */ = {isa = PBXBuildFile; fileRef = FF3EC6E7298B678B006D7A72 /* FirstSectionTableViewCell.swift */; };
		FF3EC6EA298B67C3006D7A72 /* PhotosViewController.swift in Sources */ = {isa = PBXBuildFile; fileRef = FF3EC6E9298B67C3006D7A72 /* PhotosViewController.swift */; };
		FF3EC6EC298B68A1006D7A72 /* PhotosCollectionViewCell.swift in Sources */ = {isa = PBXBuildFile; fileRef = FF3EC6EB298B68A1006D7A72 /* PhotosCollectionViewCell.swift */; };
		FF5F226D29D43AEE0035F975 /* AlertManager.swift in Sources */ = {isa = PBXBuildFile; fileRef = FF5F226C29D43AEE0035F975 /* AlertManager.swift */; };
		FF68657E2A03DA1D000916BE /* LocationViewController.swift in Sources */ = {isa = PBXBuildFile; fileRef = FF68657D2A03DA1D000916BE /* LocationViewController.swift */; };
		FF6865802A03DA7A000916BE /* CapitalAnnotation.swift in Sources */ = {isa = PBXBuildFile; fileRef = FF68657F2A03DA7A000916BE /* CapitalAnnotation.swift */; };
		FF6A18552A0929980070D3D9 /*  InfoPlist.strings in Resources */ = {isa = PBXBuildFile; fileRef = FF6A18572A0929980070D3D9 /*  InfoPlist.strings */; };
		FF6A185B2A09352B0070D3D9 /* Localizable.strings in Resources */ = {isa = PBXBuildFile; fileRef = FF6A185D2A09352B0070D3D9 /* Localizable.strings */; };
		FF6D937129DAE2B1007AC94E /* ImagePicker.swift in Sources */ = {isa = PBXBuildFile; fileRef = FF6D937029DAE2B1007AC94E /* ImagePicker.swift */; };
		FF6D937329DAEF2F007AC94E /* NewPostViewController.swift in Sources */ = {isa = PBXBuildFile; fileRef = FF6D937229DAEF2F007AC94E /* NewPostViewController.swift */; };
		FF6D937729DC2E2B007AC94E /* FavoritePostTableViewCell.swift in Sources */ = {isa = PBXBuildFile; fileRef = FF6D937629DC2E2B007AC94E /* FavoritePostTableViewCell.swift */; };
		FF7309172A0CCF0600CF6833 /* AppFactory.swift in Sources */ = {isa = PBXBuildFile; fileRef = FF7309162A0CCF0600CF6833 /* AppFactory.swift */; };
		FF73091A2A0CCF9300CF6833 /* AppCoordinator.swift in Sources */ = {isa = PBXBuildFile; fileRef = FF7309192A0CCF9300CF6833 /* AppCoordinator.swift */; };
		FF73091F2A0CCFDB00CF6833 /* Coordinatable.swift in Sources */ = {isa = PBXBuildFile; fileRef = FF73091E2A0CCFDB00CF6833 /* Coordinatable.swift */; };
		FF7309212A0CD04500CF6833 /* Module.swift in Sources */ = {isa = PBXBuildFile; fileRef = FF7309202A0CD04500CF6833 /* Module.swift */; };
		FF7309232A0CD13700CF6833 /* LoginCoordinator.swift in Sources */ = {isa = PBXBuildFile; fileRef = FF7309222A0CD13700CF6833 /* LoginCoordinator.swift */; };
		FF7309252A0CD14300CF6833 /* FeedCoordinator.swift in Sources */ = {isa = PBXBuildFile; fileRef = FF7309242A0CD14300CF6833 /* FeedCoordinator.swift */; };
		FF7309272A0CD4AC00CF6833 /* LoginViewModel.swift in Sources */ = {isa = PBXBuildFile; fileRef = FF7309262A0CD4AC00CF6833 /* LoginViewModel.swift */; };
		FF73092A2A0CD6EB00CF6833 /* AppTabBarController.swift in Sources */ = {isa = PBXBuildFile; fileRef = FF7309292A0CD6EB00CF6833 /* AppTabBarController.swift */; };
		FF73092C2A0CD77200CF6833 /* FeedViewModel.swift in Sources */ = {isa = PBXBuildFile; fileRef = FF73092B2A0CD77200CF6833 /* FeedViewModel.swift */; };
		FF73092E2A0D07ED00CF6833 /* CheckService.swift in Sources */ = {isa = PBXBuildFile; fileRef = FF73092D2A0D07ED00CF6833 /* CheckService.swift */; };
		FF7309402A0E805900CF6833 /* BiometricIDAuth.swift in Sources */ = {isa = PBXBuildFile; fileRef = FF73093F2A0E805900CF6833 /* BiometricIDAuth.swift */; };
		FF7309432A0FD2E600CF6833 /* LocalNotificationsService.swift in Sources */ = {isa = PBXBuildFile; fileRef = FF7309422A0FD2E600CF6833 /* LocalNotificationsService.swift */; };
		FF7B457F29B6F5BC002C4369 /* Errors.swift in Sources */ = {isa = PBXBuildFile; fileRef = FF7B457E29B6F5BC002C4369 /* Errors.swift */; };
		FF8250132A22A9870035EC71 /* ProfileViewModel.swift in Sources */ = {isa = PBXBuildFile; fileRef = FF8250122A22A9870035EC71 /* ProfileViewModel.swift */; };
		FF8250172A24FE090035EC71 /* FeedPostTableViewCell.swift in Sources */ = {isa = PBXBuildFile; fileRef = FF8250162A24FE090035EC71 /* FeedPostTableViewCell.swift */; };
		FF8250192A2531610035EC71 /* UserProfileHeaderView.swift in Sources */ = {isa = PBXBuildFile; fileRef = FF8250182A2531610035EC71 /* UserProfileHeaderView.swift */; };
		FF83960829C4678D00BA40D9 /* SignupViewController.swift in Sources */ = {isa = PBXBuildFile; fileRef = FF83960729C4678D00BA40D9 /* SignupViewController.swift */; };
		FF8D39B62983C19E002995D1 /* StorageService.framework in Frameworks */ = {isa = PBXBuildFile; fileRef = FF8D39AE2983C19E002995D1 /* StorageService.framework */; };
		FF8D39B72983C19E002995D1 /* StorageService.framework in Embed Frameworks */ = {isa = PBXBuildFile; fileRef = FF8D39AE2983C19E002995D1 /* StorageService.framework */; settings = {ATTRIBUTES = (CodeSignOnCopy, RemoveHeadersOnCopy, ); }; };
		FF8FEDF32950679300D37BB9 /* PostTableViewCell.swift in Sources */ = {isa = PBXBuildFile; fileRef = FF8FEDF22950679300D37BB9 /* PostTableViewCell.swift */; };
		FFAA6BF029D76780001A3365 /* FavoritesViewController.swift in Sources */ = {isa = PBXBuildFile; fileRef = FFAA6BEF29D76780001A3365 /* FavoritesViewController.swift */; };
		FFB3108429B9D1E600D32055 /* NetworkService.swift in Sources */ = {isa = PBXBuildFile; fileRef = FFB3108329B9D1E600D32055 /* NetworkService.swift */; };
		FFD2BB2C2943450A00EF3D5C /* LoginViewController.swift in Sources */ = {isa = PBXBuildFile; fileRef = FFD2BB2B2943450A00EF3D5C /* LoginViewController.swift */; };
		FFD2BB2E29436EDD00EF3D5C /* Custom.swift in Sources */ = {isa = PBXBuildFile; fileRef = FFD2BB2D29436EDD00EF3D5C /* Custom.swift */; };
		FFD64C182916EC6E0015F6B3 /* AppDelegate.swift in Sources */ = {isa = PBXBuildFile; fileRef = FFD64C172916EC6E0015F6B3 /* AppDelegate.swift */; };
		FFD64C1A2916EC6E0015F6B3 /* SceneDelegate.swift in Sources */ = {isa = PBXBuildFile; fileRef = FFD64C192916EC6E0015F6B3 /* SceneDelegate.swift */; };
		FFD64C212916EC6F0015F6B3 /* Assets.xcassets in Resources */ = {isa = PBXBuildFile; fileRef = FFD64C202916EC6F0015F6B3 /* Assets.xcassets */; };
		FFD64C242916EC6F0015F6B3 /* LaunchScreen.storyboard in Resources */ = {isa = PBXBuildFile; fileRef = FFD64C222916EC6F0015F6B3 /* LaunchScreen.storyboard */; };
		FFD64C4A2917DF090015F6B3 /* FeedViewController.swift in Sources */ = {isa = PBXBuildFile; fileRef = FFD64C492917DF090015F6B3 /* FeedViewController.swift */; };
		FFD64C4C2917DF250015F6B3 /* ProfileViewController.swift in Sources */ = {isa = PBXBuildFile; fileRef = FFD64C4B2917DF250015F6B3 /* ProfileViewController.swift */; };
		FFD64C4E291833880015F6B3 /* Feed.swift in Sources */ = {isa = PBXBuildFile; fileRef = FFD64C4D291833880015F6B3 /* Feed.swift */; };
		FFD64C522918C81C0015F6B3 /* PostViewController.swift in Sources */ = {isa = PBXBuildFile; fileRef = FFD64C512918C81B0015F6B3 /* PostViewController.swift */; };
		FFE8D380299D089600FD9508 /* SnapKit in Frameworks */ = {isa = PBXBuildFile; productRef = FFE8D37F299D089600FD9508 /* SnapKit */; };
		FFF8A8392A2E34A80054E9B2 /* SubscribersViewController.swift in Sources */ = {isa = PBXBuildFile; fileRef = FFF8A8382A2E34A80054E9B2 /* SubscribersViewController.swift */; };
		FFF8A83B2A2E35FA0054E9B2 /* SubscribersTableViewCell.swift in Sources */ = {isa = PBXBuildFile; fileRef = FFF8A83A2A2E35FA0054E9B2 /* SubscribersTableViewCell.swift */; };
		FFFEF824291FC00D0025FB74 /* InfoViewController.swift in Sources */ = {isa = PBXBuildFile; fileRef = FFFEF823291FC00D0025FB74 /* InfoViewController.swift */; };
/* End PBXBuildFile section */

/* Begin PBXContainerItemProxy section */
		FF8D39B42983C19E002995D1 /* PBXContainerItemProxy */ = {
			isa = PBXContainerItemProxy;
			containerPortal = FFD64C0C2916EC6E0015F6B3 /* Project object */;
			proxyType = 1;
			remoteGlobalIDString = FF8D39AD2983C19E002995D1;
			remoteInfo = StorageService;
		};
/* End PBXContainerItemProxy section */

/* Begin PBXCopyFilesBuildPhase section */
		FF8D39B82983C19E002995D1 /* Embed Frameworks */ = {
			isa = PBXCopyFilesBuildPhase;
			buildActionMask = 2147483647;
			dstPath = "";
			dstSubfolderSpec = 10;
			files = (
				FF8D39B72983C19E002995D1 /* StorageService.framework in Embed Frameworks */,
			);
			name = "Embed Frameworks";
			runOnlyForDeploymentPostprocessing = 0;
		};
/* End PBXCopyFilesBuildPhase section */

/* Begin PBXFileReference section */
		3A495A622A9CAE07000076C7 /* GoogleService-Info.plist */ = {isa = PBXFileReference; fileEncoding = 4; lastKnownFileType = text.plist.xml; path = "GoogleService-Info.plist"; sourceTree = "<group>"; };
		3A7C4AC52AA7EAF90081D707 /* FullScreenViewController.swift */ = {isa = PBXFileReference; lastKnownFileType = sourcecode.swift; path = FullScreenViewController.swift; sourceTree = "<group>"; };
		FF06E04329DD8B63003C8095 /* SearchPicker.swift */ = {isa = PBXFileReference; lastKnownFileType = sourcecode.swift; path = SearchPicker.swift; sourceTree = "<group>"; };
		FF0DB72129D6FB8B00F492C9 /* CoreData.xcdatamodel */ = {isa = PBXFileReference; lastKnownFileType = wrapper.xcdatamodel; path = CoreData.xcdatamodel; sourceTree = "<group>"; };
		FF0DB72329D6FBC400F492C9 /* CoreDataManager.swift */ = {isa = PBXFileReference; lastKnownFileType = sourcecode.swift; path = CoreDataManager.swift; sourceTree = "<group>"; };
		FF31F41D29471712009C1461 /* ProfileHeaderView.swift */ = {isa = PBXFileReference; lastKnownFileType = sourcecode.swift; path = ProfileHeaderView.swift; sourceTree = "<group>"; };
		FF3EC6E5298B6729006D7A72 /* UserService.swift */ = {isa = PBXFileReference; lastKnownFileType = sourcecode.swift; path = UserService.swift; sourceTree = "<group>"; };
		FF3EC6E7298B678B006D7A72 /* FirstSectionTableViewCell.swift */ = {isa = PBXFileReference; lastKnownFileType = sourcecode.swift; path = FirstSectionTableViewCell.swift; sourceTree = "<group>"; };
		FF3EC6E9298B67C3006D7A72 /* PhotosViewController.swift */ = {isa = PBXFileReference; lastKnownFileType = sourcecode.swift; path = PhotosViewController.swift; sourceTree = "<group>"; };
		FF3EC6EB298B68A1006D7A72 /* PhotosCollectionViewCell.swift */ = {isa = PBXFileReference; lastKnownFileType = sourcecode.swift; path = PhotosCollectionViewCell.swift; sourceTree = "<group>"; };
		FF5F226C29D43AEE0035F975 /* AlertManager.swift */ = {isa = PBXFileReference; lastKnownFileType = sourcecode.swift; path = AlertManager.swift; sourceTree = "<group>"; };
		FF68657D2A03DA1D000916BE /* LocationViewController.swift */ = {isa = PBXFileReference; lastKnownFileType = sourcecode.swift; path = LocationViewController.swift; sourceTree = "<group>"; };
		FF68657F2A03DA7A000916BE /* CapitalAnnotation.swift */ = {isa = PBXFileReference; lastKnownFileType = sourcecode.swift; path = CapitalAnnotation.swift; sourceTree = "<group>"; };
		FF6A18522A09268B0070D3D9 /* ru */ = {isa = PBXFileReference; lastKnownFileType = text.plist.strings; name = ru; path = ru.lproj/LaunchScreen.strings; sourceTree = "<group>"; };
		FF6A18562A0929980070D3D9 /* en */ = {isa = PBXFileReference; lastKnownFileType = text.plist.strings; name = en; path = "en.lproj/ InfoPlist.strings"; sourceTree = "<group>"; };
		FF6A18582A09299C0070D3D9 /* ru */ = {isa = PBXFileReference; lastKnownFileType = text.plist.strings; name = ru; path = "ru.lproj/ InfoPlist.strings"; sourceTree = "<group>"; };
		FF6A185C2A09352B0070D3D9 /* en */ = {isa = PBXFileReference; lastKnownFileType = text.plist.strings; name = en; path = en.lproj/Localizable.strings; sourceTree = "<group>"; };
		FF6A185E2A0935300070D3D9 /* ru */ = {isa = PBXFileReference; lastKnownFileType = text.plist.strings; name = ru; path = ru.lproj/Localizable.strings; sourceTree = "<group>"; };
		FF6D937029DAE2B1007AC94E /* ImagePicker.swift */ = {isa = PBXFileReference; lastKnownFileType = sourcecode.swift; path = ImagePicker.swift; sourceTree = "<group>"; };
		FF6D937229DAEF2F007AC94E /* NewPostViewController.swift */ = {isa = PBXFileReference; lastKnownFileType = sourcecode.swift; path = NewPostViewController.swift; sourceTree = "<group>"; };
		FF6D937629DC2E2B007AC94E /* FavoritePostTableViewCell.swift */ = {isa = PBXFileReference; lastKnownFileType = sourcecode.swift; path = FavoritePostTableViewCell.swift; sourceTree = "<group>"; };
		FF7309162A0CCF0600CF6833 /* AppFactory.swift */ = {isa = PBXFileReference; lastKnownFileType = sourcecode.swift; path = AppFactory.swift; sourceTree = "<group>"; };
		FF7309192A0CCF9300CF6833 /* AppCoordinator.swift */ = {isa = PBXFileReference; lastKnownFileType = sourcecode.swift; path = AppCoordinator.swift; sourceTree = "<group>"; };
		FF73091E2A0CCFDB00CF6833 /* Coordinatable.swift */ = {isa = PBXFileReference; lastKnownFileType = sourcecode.swift; path = Coordinatable.swift; sourceTree = "<group>"; };
		FF7309202A0CD04500CF6833 /* Module.swift */ = {isa = PBXFileReference; lastKnownFileType = sourcecode.swift; path = Module.swift; sourceTree = "<group>"; };
		FF7309222A0CD13700CF6833 /* LoginCoordinator.swift */ = {isa = PBXFileReference; lastKnownFileType = sourcecode.swift; path = LoginCoordinator.swift; sourceTree = "<group>"; };
		FF7309242A0CD14300CF6833 /* FeedCoordinator.swift */ = {isa = PBXFileReference; lastKnownFileType = sourcecode.swift; path = FeedCoordinator.swift; sourceTree = "<group>"; };
		FF7309262A0CD4AC00CF6833 /* LoginViewModel.swift */ = {isa = PBXFileReference; lastKnownFileType = sourcecode.swift; path = LoginViewModel.swift; sourceTree = "<group>"; };
		FF7309292A0CD6EB00CF6833 /* AppTabBarController.swift */ = {isa = PBXFileReference; lastKnownFileType = sourcecode.swift; path = AppTabBarController.swift; sourceTree = "<group>"; };
		FF73092B2A0CD77200CF6833 /* FeedViewModel.swift */ = {isa = PBXFileReference; lastKnownFileType = sourcecode.swift; path = FeedViewModel.swift; sourceTree = "<group>"; };
		FF73092D2A0D07ED00CF6833 /* CheckService.swift */ = {isa = PBXFileReference; lastKnownFileType = sourcecode.swift; path = CheckService.swift; sourceTree = "<group>"; };
		FF73093F2A0E805900CF6833 /* BiometricIDAuth.swift */ = {isa = PBXFileReference; lastKnownFileType = sourcecode.swift; path = BiometricIDAuth.swift; sourceTree = "<group>"; };
		FF7309422A0FD2E600CF6833 /* LocalNotificationsService.swift */ = {isa = PBXFileReference; lastKnownFileType = sourcecode.swift; path = LocalNotificationsService.swift; sourceTree = "<group>"; };
		FF7B457E29B6F5BC002C4369 /* Errors.swift */ = {isa = PBXFileReference; lastKnownFileType = sourcecode.swift; path = Errors.swift; sourceTree = "<group>"; };
		FF8250122A22A9870035EC71 /* ProfileViewModel.swift */ = {isa = PBXFileReference; lastKnownFileType = sourcecode.swift; path = ProfileViewModel.swift; sourceTree = "<group>"; };
		FF8250162A24FE090035EC71 /* FeedPostTableViewCell.swift */ = {isa = PBXFileReference; lastKnownFileType = sourcecode.swift; path = FeedPostTableViewCell.swift; sourceTree = "<group>"; };
		FF8250182A2531610035EC71 /* UserProfileHeaderView.swift */ = {isa = PBXFileReference; lastKnownFileType = sourcecode.swift; path = UserProfileHeaderView.swift; sourceTree = "<group>"; };
		FF83960729C4678D00BA40D9 /* SignupViewController.swift */ = {isa = PBXFileReference; lastKnownFileType = sourcecode.swift; path = SignupViewController.swift; sourceTree = "<group>"; };
		FF8D39AE2983C19E002995D1 /* StorageService.framework */ = {isa = PBXFileReference; explicitFileType = wrapper.framework; includeInIndex = 0; path = StorageService.framework; sourceTree = BUILT_PRODUCTS_DIR; };
		FF8FEDF22950679300D37BB9 /* PostTableViewCell.swift */ = {isa = PBXFileReference; lastKnownFileType = sourcecode.swift; path = PostTableViewCell.swift; sourceTree = "<group>"; };
		FFAA6BEF29D76780001A3365 /* FavoritesViewController.swift */ = {isa = PBXFileReference; lastKnownFileType = sourcecode.swift; path = FavoritesViewController.swift; sourceTree = "<group>"; };
		FFB3108329B9D1E600D32055 /* NetworkService.swift */ = {isa = PBXFileReference; lastKnownFileType = sourcecode.swift; path = NetworkService.swift; sourceTree = "<group>"; };
		FFD2BB2B2943450A00EF3D5C /* LoginViewController.swift */ = {isa = PBXFileReference; lastKnownFileType = sourcecode.swift; path = LoginViewController.swift; sourceTree = "<group>"; };
		FFD2BB2D29436EDD00EF3D5C /* Custom.swift */ = {isa = PBXFileReference; lastKnownFileType = sourcecode.swift; path = Custom.swift; sourceTree = "<group>"; };
		FFD64C142916EC6E0015F6B3 /* Navigation.app */ = {isa = PBXFileReference; explicitFileType = wrapper.application; includeInIndex = 0; path = Navigation.app; sourceTree = BUILT_PRODUCTS_DIR; };
		FFD64C172916EC6E0015F6B3 /* AppDelegate.swift */ = {isa = PBXFileReference; lastKnownFileType = sourcecode.swift; path = AppDelegate.swift; sourceTree = "<group>"; };
		FFD64C192916EC6E0015F6B3 /* SceneDelegate.swift */ = {isa = PBXFileReference; lastKnownFileType = sourcecode.swift; path = SceneDelegate.swift; sourceTree = "<group>"; };
		FFD64C202916EC6F0015F6B3 /* Assets.xcassets */ = {isa = PBXFileReference; lastKnownFileType = folder.assetcatalog; path = Assets.xcassets; sourceTree = "<group>"; };
		FFD64C232916EC6F0015F6B3 /* Base */ = {isa = PBXFileReference; lastKnownFileType = file.storyboard; name = Base; path = Base.lproj/LaunchScreen.storyboard; sourceTree = "<group>"; };
		FFD64C252916EC6F0015F6B3 /* Info.plist */ = {isa = PBXFileReference; lastKnownFileType = text.plist.xml; path = Info.plist; sourceTree = "<group>"; };
		FFD64C492917DF090015F6B3 /* FeedViewController.swift */ = {isa = PBXFileReference; lastKnownFileType = sourcecode.swift; path = FeedViewController.swift; sourceTree = "<group>"; };
		FFD64C4B2917DF250015F6B3 /* ProfileViewController.swift */ = {isa = PBXFileReference; lastKnownFileType = sourcecode.swift; path = ProfileViewController.swift; sourceTree = "<group>"; };
		FFD64C4D291833880015F6B3 /* Feed.swift */ = {isa = PBXFileReference; lastKnownFileType = sourcecode.swift; path = Feed.swift; sourceTree = "<group>"; };
		FFD64C512918C81B0015F6B3 /* PostViewController.swift */ = {isa = PBXFileReference; lastKnownFileType = sourcecode.swift; path = PostViewController.swift; sourceTree = "<group>"; };
		FFF8A8382A2E34A80054E9B2 /* SubscribersViewController.swift */ = {isa = PBXFileReference; lastKnownFileType = sourcecode.swift; path = SubscribersViewController.swift; sourceTree = "<group>"; };
		FFF8A83A2A2E35FA0054E9B2 /* SubscribersTableViewCell.swift */ = {isa = PBXFileReference; lastKnownFileType = sourcecode.swift; path = SubscribersTableViewCell.swift; sourceTree = "<group>"; };
		FFFEF823291FC00D0025FB74 /* InfoViewController.swift */ = {isa = PBXFileReference; lastKnownFileType = sourcecode.swift; path = InfoViewController.swift; sourceTree = "<group>"; };
/* End PBXFileReference section */

/* Begin PBXFrameworksBuildPhase section */
		FF8D39AB2983C19E002995D1 /* Frameworks */ = {
			isa = PBXFrameworksBuildPhase;
			buildActionMask = 2147483647;
			files = (
			);
			runOnlyForDeploymentPostprocessing = 0;
		};
		FFD64C112916EC6E0015F6B3 /* Frameworks */ = {
			isa = PBXFrameworksBuildPhase;
			buildActionMask = 2147483647;
			files = (
				FFE8D380299D089600FD9508 /* SnapKit in Frameworks */,
				FF8D39B62983C19E002995D1 /* StorageService.framework in Frameworks */,
				FF3BD3C92993FFCE00F4CE31 /* iOSIntPackage in Frameworks */,
			);
			runOnlyForDeploymentPostprocessing = 0;
		};
/* End PBXFrameworksBuildPhase section */

/* Begin PBXGroup section */
		FF06E04229DD8B50003C8095 /* SearchPicker */ = {
			isa = PBXGroup;
			children = (
				FF06E04329DD8B63003C8095 /* SearchPicker.swift */,
			);
			path = SearchPicker;
			sourceTree = "<group>";
		};
		FF0DB71F29D6FB6F00F492C9 /* CoreData */ = {
			isa = PBXGroup;
			children = (
				FF0DB72029D6FB8B00F492C9 /* CoreData.xcdatamodeld */,
				FF0DB72329D6FBC400F492C9 /* CoreDataManager.swift */,
			);
			path = CoreData;
			sourceTree = "<group>";
		};
		FF1D2B502958081800D0E676 /* Login */ = {
			isa = PBXGroup;
			children = (
				FFD2BB2B2943450A00EF3D5C /* LoginViewController.swift */,
				FF83960729C4678D00BA40D9 /* SignupViewController.swift */,
				FF3EC6E5298B6729006D7A72 /* UserService.swift */,
				FF7309262A0CD4AC00CF6833 /* LoginViewModel.swift */,
			);
			path = Login;
			sourceTree = "<group>";
		};
		FF1D2B512958094700D0E676 /* Other */ = {
			isa = PBXGroup;
			children = (
				FFD64C4D291833880015F6B3 /* Feed.swift */,
				FFD2BB2D29436EDD00EF3D5C /* Custom.swift */,
				FFD64C512918C81B0015F6B3 /* PostViewController.swift */,
			);
			path = Other;
			sourceTree = "<group>";
		};
		FF1D2B522958095A00D0E676 /* App */ = {
			isa = PBXGroup;
			children = (
				FFD64C172916EC6E0015F6B3 /* AppDelegate.swift */,
				FFD64C192916EC6E0015F6B3 /* SceneDelegate.swift */,
			);
			path = App;
			sourceTree = "<group>";
		};
		FF1D2B53295809C900D0E676 /* Feed */ = {
			isa = PBXGroup;
			children = (
				FF73092D2A0D07ED00CF6833 /* CheckService.swift */,
				FF8250162A24FE090035EC71 /* FeedPostTableViewCell.swift */,
				FFD64C492917DF090015F6B3 /* FeedViewController.swift */,
				FF73092B2A0CD77200CF6833 /* FeedViewModel.swift */,
			);
			path = Feed;
			sourceTree = "<group>";
		};
		FF5F226B29D43ADD0035F975 /* Alerts */ = {
			isa = PBXGroup;
			children = (
				FF5F226C29D43AEE0035F975 /* AlertManager.swift */,
			);
			path = Alerts;
			sourceTree = "<group>";
		};
		FF68657C2A03D9F7000916BE /* Location */ = {
			isa = PBXGroup;
			children = (
				FF68657D2A03DA1D000916BE /* LocationViewController.swift */,
				FF68657F2A03DA7A000916BE /* CapitalAnnotation.swift */,
			);
			path = Location;
			sourceTree = "<group>";
		};
		FF6D936F29DAE28D007AC94E /* ImagePicker */ = {
			isa = PBXGroup;
			children = (
				FF6D937029DAE2B1007AC94E /* ImagePicker.swift */,
			);
			path = ImagePicker;
			sourceTree = "<group>";
		};
		FF7309182A0CCF7A00CF6833 /* Coordinators */ = {
			isa = PBXGroup;
			children = (
				FF7309192A0CCF9300CF6833 /* AppCoordinator.swift */,
				FF73091E2A0CCFDB00CF6833 /* Coordinatable.swift */,
				FF7309222A0CD13700CF6833 /* LoginCoordinator.swift */,
				FF7309242A0CD14300CF6833 /* FeedCoordinator.swift */,
			);
			path = Coordinators;
			sourceTree = "<group>";
		};
		FF73091D2A0CCFB000CF6833 /* Factory */ = {
			isa = PBXGroup;
			children = (
				FF7309162A0CCF0600CF6833 /* AppFactory.swift */,
			);
			path = Factory;
			sourceTree = "<group>";
		};
		FF7309282A0CD6D400CF6833 /* TabBar */ = {
			isa = PBXGroup;
			children = (
				FF7309292A0CD6EB00CF6833 /* AppTabBarController.swift */,
			);
			path = TabBar;
			sourceTree = "<group>";
		};
		FF7309412A0FD2D400CF6833 /* Notifications */ = {
			isa = PBXGroup;
			children = (
				FF7309422A0FD2E600CF6833 /* LocalNotificationsService.swift */,
			);
			path = Notifications;
			sourceTree = "<group>";
		};
		FF7B457D29B6F5B0002C4369 /* Errors */ = {
			isa = PBXGroup;
			children = (
				FF7B457E29B6F5BC002C4369 /* Errors.swift */,
			);
			path = Errors;
			sourceTree = "<group>";
		};
		FF83960029C33C8500BA40D9 /* Firebase */ = {
			isa = PBXGroup;
			children = (
				3A495A622A9CAE07000076C7 /* GoogleService-Info.plist */,
			);
			path = Firebase;
			sourceTree = "<group>";
		};
		FFAA6BEE29D76766001A3365 /* Favorites */ = {
			isa = PBXGroup;
			children = (
				FFAA6BEF29D76780001A3365 /* FavoritesViewController.swift */,
				FF6D937629DC2E2B007AC94E /* FavoritePostTableViewCell.swift */,
			);
			path = Favorites;
			sourceTree = "<group>";
		};
		FFB3108529BF2AEA00D32055 /* Network Service */ = {
			isa = PBXGroup;
			children = (
				FFB3108329B9D1E600D32055 /* NetworkService.swift */,
			);
			path = "Network Service";
			sourceTree = "<group>";
		};
		FFD2BB2829408E9600EF3D5C /* Profile */ = {
			isa = PBXGroup;
			children = (
				FF1D2B502958081800D0E676 /* Login */,
				FFD64C4B2917DF250015F6B3 /* ProfileViewController.swift */,
				FF8250122A22A9870035EC71 /* ProfileViewModel.swift */,
				FF31F41D29471712009C1461 /* ProfileHeaderView.swift */,
				FF8250182A2531610035EC71 /* UserProfileHeaderView.swift */,
				FFF8A8382A2E34A80054E9B2 /* SubscribersViewController.swift */,
				FFF8A83A2A2E35FA0054E9B2 /* SubscribersTableViewCell.swift */,
				FF8FEDF22950679300D37BB9 /* PostTableViewCell.swift */,
				FF6D937229DAEF2F007AC94E /* NewPostViewController.swift */,
				FF3EC6E7298B678B006D7A72 /* FirstSectionTableViewCell.swift */,
			);
			path = Profile;
			sourceTree = "<group>";
		};
		FFD64C0B2916EC6E0015F6B3 = {
			isa = PBXGroup;
			children = (
				FFD64C162916EC6E0015F6B3 /* Navigation */,
				FFD64C152916EC6E0015F6B3 /* Products */,
			);
			sourceTree = "<group>";
		};
		FFD64C152916EC6E0015F6B3 /* Products */ = {
			isa = PBXGroup;
			children = (
				FFD64C142916EC6E0015F6B3 /* Navigation.app */,
				FF8D39AE2983C19E002995D1 /* StorageService.framework */,
			);
			name = Products;
			sourceTree = "<group>";
		};
		FFD64C162916EC6E0015F6B3 /* Navigation */ = {
			isa = PBXGroup;
			children = (
				FFD64C252916EC6F0015F6B3 /* Info.plist */,
				FF73093F2A0E805900CF6833 /* BiometricIDAuth.swift */,
				FF7309202A0CD04500CF6833 /* Module.swift */,
				FFD64C202916EC6F0015F6B3 /* Assets.xcassets */,
				FF6A18572A0929980070D3D9 /*  InfoPlist.strings */,
				FF5F226B29D43ADD0035F975 /* Alerts */,
				FF1D2B522958095A00D0E676 /* App */,
				FF7309182A0CCF7A00CF6833 /* Coordinators */,
				FF0DB71F29D6FB6F00F492C9 /* CoreData */,
				FF7B457D29B6F5B0002C4369 /* Errors */,
				FF73091D2A0CCFB000CF6833 /* Factory */,
				FFAA6BEE29D76766001A3365 /* Favorites */,
				FF1D2B53295809C900D0E676 /* Feed */,
				FF83960029C33C8500BA40D9 /* Firebase */,
				FF6D936F29DAE28D007AC94E /* ImagePicker */,
				FFE8D3BD29A003B800FD9508 /* Info */,
				FFD64C222916EC6F0015F6B3 /* LaunchScreen.storyboard */,
				FF6A185D2A09352B0070D3D9 /* Localizable.strings */,
				FF68657C2A03D9F7000916BE /* Location */,
				FFB3108529BF2AEA00D32055 /* Network Service */,
				FF7309412A0FD2D400CF6833 /* Notifications */,
				FF1D2B512958094700D0E676 /* Other */,
				FFE8D3CB29A8BB3700FD9508 /* Photos */,
				FFD2BB2829408E9600EF3D5C /* Profile */,
				FF06E04229DD8B50003C8095 /* SearchPicker */,
				FF7309282A0CD6D400CF6833 /* TabBar */,
			);
			path = Navigation;
			sourceTree = "<group>";
		};
		FFE8D3BD29A003B800FD9508 /* Info */ = {
			isa = PBXGroup;
			children = (
				FFFEF823291FC00D0025FB74 /* InfoViewController.swift */,
			);
			path = Info;
			sourceTree = "<group>";
		};
		FFE8D3CB29A8BB3700FD9508 /* Photos */ = {
			isa = PBXGroup;
			children = (
				FF3EC6E9298B67C3006D7A72 /* PhotosViewController.swift */,
				FF3EC6EB298B68A1006D7A72 /* PhotosCollectionViewCell.swift */,
				3A7C4AC52AA7EAF90081D707 /* FullScreenViewController.swift */,
			);
			path = Photos;
			sourceTree = "<group>";
		};
/* End PBXGroup section */

/* Begin PBXHeadersBuildPhase section */
		FF8D39A92983C19E002995D1 /* Headers */ = {
			isa = PBXHeadersBuildPhase;
			buildActionMask = 2147483647;
			files = (
			);
			runOnlyForDeploymentPostprocessing = 0;
		};
/* End PBXHeadersBuildPhase section */

/* Begin PBXNativeTarget section */
		FF8D39AD2983C19E002995D1 /* StorageService */ = {
			isa = PBXNativeTarget;
			buildConfigurationList = FF8D39BB2983C19E002995D1 /* Build configuration list for PBXNativeTarget "StorageService" */;
			buildPhases = (
				FF8D39A92983C19E002995D1 /* Headers */,
				FF8D39AA2983C19E002995D1 /* Sources */,
				FF8D39AB2983C19E002995D1 /* Frameworks */,
				FF8D39AC2983C19E002995D1 /* Resources */,
			);
			buildRules = (
			);
			dependencies = (
			);
			name = StorageService;
			productName = StorageService;
			productReference = FF8D39AE2983C19E002995D1 /* StorageService.framework */;
			productType = "com.apple.product-type.framework";
		};
		FFD64C132916EC6E0015F6B3 /* Navigation */ = {
			isa = PBXNativeTarget;
			buildConfigurationList = FFD64C3E2916EC6F0015F6B3 /* Build configuration list for PBXNativeTarget "Navigation" */;
			buildPhases = (
				FFD64C102916EC6E0015F6B3 /* Sources */,
				FFD64C112916EC6E0015F6B3 /* Frameworks */,
				FFD64C122916EC6E0015F6B3 /* Resources */,
				FF8D39B82983C19E002995D1 /* Embed Frameworks */,
			);
			buildRules = (
			);
			dependencies = (
				FF8D39B52983C19E002995D1 /* PBXTargetDependency */,
			);
			name = Navigation;
			packageProductDependencies = (
				FF3BD3C82993FFCE00F4CE31 /* iOSIntPackage */,
				FFE8D37F299D089600FD9508 /* SnapKit */,
			);
			productName = Navigation;
			productReference = FFD64C142916EC6E0015F6B3 /* Navigation.app */;
			productType = "com.apple.product-type.application";
		};
/* End PBXNativeTarget section */

/* Begin PBXProject section */
		FFD64C0C2916EC6E0015F6B3 /* Project object */ = {
			isa = PBXProject;
			attributes = {
				BuildIndependentTargetsInParallel = 1;
				LastSwiftUpdateCheck = 1430;
				LastUpgradeCheck = 1500;
				TargetAttributes = {
					FF8D39AD2983C19E002995D1 = {
						CreatedOnToolsVersion = 14.2;
					};
					FFD64C132916EC6E0015F6B3 = {
						CreatedOnToolsVersion = 14.1;
					};
				};
			};
			buildConfigurationList = FFD64C0F2916EC6E0015F6B3 /* Build configuration list for PBXProject "Navigation" */;
			compatibilityVersion = "Xcode 14.0";
			developmentRegion = en;
			hasScannedForEncodings = 0;
			knownRegions = (
				en,
				Base,
				ru,
			);
			mainGroup = FFD64C0B2916EC6E0015F6B3;
			packageReferences = (
				FF3BD3C72993FFCE00F4CE31 /* XCRemoteSwiftPackageReference "iOSIntPackage" */,
				FFE8D37E299D089600FD9508 /* XCRemoteSwiftPackageReference "SnapKit" */,
			);
			productRefGroup = FFD64C152916EC6E0015F6B3 /* Products */;
			projectDirPath = "";
			projectRoot = "";
			targets = (
				FFD64C132916EC6E0015F6B3 /* Navigation */,
				FF8D39AD2983C19E002995D1 /* StorageService */,
			);
		};
/* End PBXProject section */

/* Begin PBXResourcesBuildPhase section */
		FF8D39AC2983C19E002995D1 /* Resources */ = {
			isa = PBXResourcesBuildPhase;
			buildActionMask = 2147483647;
			files = (
			);
			runOnlyForDeploymentPostprocessing = 0;
		};
		FFD64C122916EC6E0015F6B3 /* Resources */ = {
			isa = PBXResourcesBuildPhase;
			buildActionMask = 2147483647;
			files = (
				FF6A185B2A09352B0070D3D9 /* Localizable.strings in Resources */,
				FFD64C242916EC6F0015F6B3 /* LaunchScreen.storyboard in Resources */,
				3A495A632A9CAE07000076C7 /* GoogleService-Info.plist in Resources */,
				FFD64C212916EC6F0015F6B3 /* Assets.xcassets in Resources */,
				FF6A18552A0929980070D3D9 /*  InfoPlist.strings in Resources */,
			);
			runOnlyForDeploymentPostprocessing = 0;
		};
/* End PBXResourcesBuildPhase section */

/* Begin PBXSourcesBuildPhase section */
		FF8D39AA2983C19E002995D1 /* Sources */ = {
			isa = PBXSourcesBuildPhase;
			buildActionMask = 2147483647;
			files = (
			);
			runOnlyForDeploymentPostprocessing = 0;
		};
		FFD64C102916EC6E0015F6B3 /* Sources */ = {
			isa = PBXSourcesBuildPhase;
			buildActionMask = 2147483647;
			files = (
				FFD64C522918C81C0015F6B3 /* PostViewController.swift in Sources */,
				FF06E04429DD8B63003C8095 /* SearchPicker.swift in Sources */,
				FFAA6BF029D76780001A3365 /* FavoritesViewController.swift in Sources */,
				FF8250172A24FE090035EC71 /* FeedPostTableViewCell.swift in Sources */,
				FF73092C2A0CD77200CF6833 /* FeedViewModel.swift in Sources */,
				FF6865802A03DA7A000916BE /* CapitalAnnotation.swift in Sources */,
				FF7309252A0CD14300CF6833 /* FeedCoordinator.swift in Sources */,
				FF7309272A0CD4AC00CF6833 /* LoginViewModel.swift in Sources */,
				FFD64C4C2917DF250015F6B3 /* ProfileViewController.swift in Sources */,
				FFD2BB2C2943450A00EF3D5C /* LoginViewController.swift in Sources */,
				FF73092A2A0CD6EB00CF6833 /* AppTabBarController.swift in Sources */,
				FFD64C182916EC6E0015F6B3 /* AppDelegate.swift in Sources */,
				FFB3108429B9D1E600D32055 /* NetworkService.swift in Sources */,
				FF73092E2A0D07ED00CF6833 /* CheckService.swift in Sources */,
				FF7309212A0CD04500CF6833 /* Module.swift in Sources */,
				FFD64C4A2917DF090015F6B3 /* FeedViewController.swift in Sources */,
				FF5F226D29D43AEE0035F975 /* AlertManager.swift in Sources */,
				FF7309432A0FD2E600CF6833 /* LocalNotificationsService.swift in Sources */,
				FF83960829C4678D00BA40D9 /* SignupViewController.swift in Sources */,
				FF8250132A22A9870035EC71 /* ProfileViewModel.swift in Sources */,
				FF3EC6E8298B678B006D7A72 /* FirstSectionTableViewCell.swift in Sources */,
				FF6D937329DAEF2F007AC94E /* NewPostViewController.swift in Sources */,
				FF7B457F29B6F5BC002C4369 /* Errors.swift in Sources */,
				FFF8A8392A2E34A80054E9B2 /* SubscribersViewController.swift in Sources */,
				FF73091F2A0CCFDB00CF6833 /* Coordinatable.swift in Sources */,
				FF3EC6E6298B6729006D7A72 /* UserService.swift in Sources */,
				FF6D937729DC2E2B007AC94E /* FavoritePostTableViewCell.swift in Sources */,
				FFF8A83B2A2E35FA0054E9B2 /* SubscribersTableViewCell.swift in Sources */,
				FF7309402A0E805900CF6833 /* BiometricIDAuth.swift in Sources */,
				FF7309172A0CCF0600CF6833 /* AppFactory.swift in Sources */,
				FF0DB72229D6FB8B00F492C9 /* CoreData.xcdatamodeld in Sources */,
				3A7C4AC62AA7EAF90081D707 /* FullScreenViewController.swift in Sources */,
				FF6D937129DAE2B1007AC94E /* ImagePicker.swift in Sources */,
				FF73091A2A0CCF9300CF6833 /* AppCoordinator.swift in Sources */,
				FFD2BB2E29436EDD00EF3D5C /* Custom.swift in Sources */,
				FF3EC6EA298B67C3006D7A72 /* PhotosViewController.swift in Sources */,
				FF8250192A2531610035EC71 /* UserProfileHeaderView.swift in Sources */,
				FF7309232A0CD13700CF6833 /* LoginCoordinator.swift in Sources */,
				FFD64C4E291833880015F6B3 /* Feed.swift in Sources */,
				FF31F41E29471712009C1461 /* ProfileHeaderView.swift in Sources */,
				FF68657E2A03DA1D000916BE /* LocationViewController.swift in Sources */,
				FF8FEDF32950679300D37BB9 /* PostTableViewCell.swift in Sources */,
				FF3EC6EC298B68A1006D7A72 /* PhotosCollectionViewCell.swift in Sources */,
				FFFEF824291FC00D0025FB74 /* InfoViewController.swift in Sources */,
				FF0DB72429D6FBC400F492C9 /* CoreDataManager.swift in Sources */,
				FFD64C1A2916EC6E0015F6B3 /* SceneDelegate.swift in Sources */,
			);
			runOnlyForDeploymentPostprocessing = 0;
		};
/* End PBXSourcesBuildPhase section */

/* Begin PBXTargetDependency section */
		FF8D39B52983C19E002995D1 /* PBXTargetDependency */ = {
			isa = PBXTargetDependency;
			target = FF8D39AD2983C19E002995D1 /* StorageService */;
			targetProxy = FF8D39B42983C19E002995D1 /* PBXContainerItemProxy */;
		};
/* End PBXTargetDependency section */

/* Begin PBXVariantGroup section */
		FF6A18572A0929980070D3D9 /*  InfoPlist.strings */ = {
			isa = PBXVariantGroup;
			children = (
				FF6A18562A0929980070D3D9 /* en */,
				FF6A18582A09299C0070D3D9 /* ru */,
			);
			name = " InfoPlist.strings";
			sourceTree = "<group>";
		};
		FF6A185D2A09352B0070D3D9 /* Localizable.strings */ = {
			isa = PBXVariantGroup;
			children = (
				FF6A185C2A09352B0070D3D9 /* en */,
				FF6A185E2A0935300070D3D9 /* ru */,
			);
			name = Localizable.strings;
			sourceTree = "<group>";
		};
		FFD64C222916EC6F0015F6B3 /* LaunchScreen.storyboard */ = {
			isa = PBXVariantGroup;
			children = (
				FFD64C232916EC6F0015F6B3 /* Base */,
				FF6A18522A09268B0070D3D9 /* ru */,
			);
			name = LaunchScreen.storyboard;
			sourceTree = "<group>";
		};
/* End PBXVariantGroup section */

/* Begin XCBuildConfiguration section */
		FF8D39B92983C19E002995D1 /* Debug */ = {
			isa = XCBuildConfiguration;
			buildSettings = {
				CODE_SIGN_IDENTITY = "";
				"CODE_SIGN_IDENTITY[sdk=macosx*]" = "-";
				CODE_SIGN_STYLE = Automatic;
				CURRENT_PROJECT_VERSION = 1;
				DEFINES_MODULE = YES;
				DEVELOPMENT_TEAM = 9D7PN847XA;
				DYLIB_COMPATIBILITY_VERSION = 1;
				DYLIB_CURRENT_VERSION = 1;
				DYLIB_INSTALL_NAME_BASE = "@rpath";
				ENABLE_MODULE_VERIFIER = YES;
				GENERATE_INFOPLIST_FILE = YES;
				INFOPLIST_KEY_NSHumanReadableCopyright = "";
				INSTALL_PATH = "$(LOCAL_LIBRARY_DIR)/Frameworks";
				IPHONEOS_DEPLOYMENT_TARGET = 16.1;
				LD_RUNPATH_SEARCH_PATHS = (
					"$(inherited)",
					"@executable_path/Frameworks",
					"@loader_path/Frameworks",
				);
				MARKETING_VERSION = 1.0;
				MODULE_VERIFIER_SUPPORTED_LANGUAGES = "objective-c objective-c++";
				MODULE_VERIFIER_SUPPORTED_LANGUAGE_STANDARDS = "gnu11 gnu++20";
				PRODUCT_BUNDLE_IDENTIFIER = ru.beliybear.StorageService;
				PRODUCT_NAME = "$(TARGET_NAME:c99extidentifier)";
				SKIP_INSTALL = YES;
				SWIFT_EMIT_LOC_STRINGS = YES;
				SWIFT_VERSION = 5.0;
				TARGETED_DEVICE_FAMILY = "1,2";
				VERSIONING_SYSTEM = "apple-generic";
				VERSION_INFO_PREFIX = "";
			};
			name = Debug;
		};
		FF8D39BA2983C19E002995D1 /* Release */ = {
			isa = XCBuildConfiguration;
			buildSettings = {
				CODE_SIGN_IDENTITY = "";
				"CODE_SIGN_IDENTITY[sdk=macosx*]" = "-";
				CODE_SIGN_STYLE = Automatic;
				CURRENT_PROJECT_VERSION = 1;
				DEFINES_MODULE = YES;
				DEVELOPMENT_TEAM = 9D7PN847XA;
				DYLIB_COMPATIBILITY_VERSION = 1;
				DYLIB_CURRENT_VERSION = 1;
				DYLIB_INSTALL_NAME_BASE = "@rpath";
				ENABLE_MODULE_VERIFIER = YES;
				GENERATE_INFOPLIST_FILE = YES;
				INFOPLIST_KEY_NSHumanReadableCopyright = "";
				INSTALL_PATH = "$(LOCAL_LIBRARY_DIR)/Frameworks";
				IPHONEOS_DEPLOYMENT_TARGET = 16.1;
				LD_RUNPATH_SEARCH_PATHS = (
					"$(inherited)",
					"@executable_path/Frameworks",
					"@loader_path/Frameworks",
				);
				MARKETING_VERSION = 1.0;
				MODULE_VERIFIER_SUPPORTED_LANGUAGES = "objective-c objective-c++";
				MODULE_VERIFIER_SUPPORTED_LANGUAGE_STANDARDS = "gnu11 gnu++20";
				PRODUCT_BUNDLE_IDENTIFIER = ru.beliybear.StorageService;
				PRODUCT_NAME = "$(TARGET_NAME:c99extidentifier)";
				SKIP_INSTALL = YES;
				SWIFT_EMIT_LOC_STRINGS = YES;
				SWIFT_VERSION = 5.0;
				TARGETED_DEVICE_FAMILY = "1,2";
				VERSIONING_SYSTEM = "apple-generic";
				VERSION_INFO_PREFIX = "";
			};
			name = Release;
		};
		FFD64C3C2916EC6F0015F6B3 /* Debug */ = {
			isa = XCBuildConfiguration;
			buildSettings = {
				ALWAYS_SEARCH_USER_PATHS = NO;
				CLANG_ANALYZER_LOCALIZABILITY_NONLOCALIZED = YES;
				CLANG_ANALYZER_NONNULL = YES;
				CLANG_ANALYZER_NUMBER_OBJECT_CONVERSION = YES_AGGRESSIVE;
				CLANG_CXX_LANGUAGE_STANDARD = "gnu++20";
				CLANG_ENABLE_MODULES = YES;
				CLANG_ENABLE_OBJC_ARC = YES;
				CLANG_ENABLE_OBJC_WEAK = YES;
				CLANG_WARN_BLOCK_CAPTURE_AUTORELEASING = YES;
				CLANG_WARN_BOOL_CONVERSION = YES;
				CLANG_WARN_COMMA = YES;
				CLANG_WARN_CONSTANT_CONVERSION = YES;
				CLANG_WARN_DEPRECATED_OBJC_IMPLEMENTATIONS = YES;
				CLANG_WARN_DIRECT_OBJC_ISA_USAGE = YES_ERROR;
				CLANG_WARN_DOCUMENTATION_COMMENTS = YES;
				CLANG_WARN_EMPTY_BODY = YES;
				CLANG_WARN_ENUM_CONVERSION = YES;
				CLANG_WARN_INFINITE_RECURSION = YES;
				CLANG_WARN_INT_CONVERSION = YES;
				CLANG_WARN_NON_LITERAL_NULL_CONVERSION = YES;
				CLANG_WARN_OBJC_IMPLICIT_RETAIN_SELF = YES;
				CLANG_WARN_OBJC_LITERAL_CONVERSION = YES;
				CLANG_WARN_OBJC_ROOT_CLASS = YES_ERROR;
				CLANG_WARN_QUOTED_INCLUDE_IN_FRAMEWORK_HEADER = YES;
				CLANG_WARN_RANGE_LOOP_ANALYSIS = YES;
				CLANG_WARN_STRICT_PROTOTYPES = YES;
				CLANG_WARN_SUSPICIOUS_MOVE = YES;
				CLANG_WARN_UNGUARDED_AVAILABILITY = YES_AGGRESSIVE;
				CLANG_WARN_UNREACHABLE_CODE = YES;
				CLANG_WARN__DUPLICATE_METHOD_MATCH = YES;
				COPY_PHASE_STRIP = NO;
				DEBUG_INFORMATION_FORMAT = dwarf;
				ENABLE_STRICT_OBJC_MSGSEND = YES;
				ENABLE_TESTABILITY = YES;
				ENABLE_USER_SCRIPT_SANDBOXING = YES;
				GCC_C_LANGUAGE_STANDARD = gnu11;
				GCC_DYNAMIC_NO_PIC = NO;
				GCC_NO_COMMON_BLOCKS = YES;
				GCC_OPTIMIZATION_LEVEL = 0;
				GCC_PREPROCESSOR_DEFINITIONS = (
					"DEBUG=1",
					"$(inherited)",
				);
				GCC_WARN_64_TO_32_BIT_CONVERSION = YES;
				GCC_WARN_ABOUT_RETURN_TYPE = YES_ERROR;
				GCC_WARN_UNDECLARED_SELECTOR = YES;
				GCC_WARN_UNINITIALIZED_AUTOS = YES_AGGRESSIVE;
				GCC_WARN_UNUSED_FUNCTION = YES;
				GCC_WARN_UNUSED_VARIABLE = YES;
				IPHONEOS_DEPLOYMENT_TARGET = 16.1;
				MTL_ENABLE_DEBUG_INFO = INCLUDE_SOURCE;
				MTL_FAST_MATH = YES;
				ONLY_ACTIVE_ARCH = YES;
				SDKROOT = iphoneos;
				SWIFT_ACTIVE_COMPILATION_CONDITIONS = DEBUG;
				SWIFT_OPTIMIZATION_LEVEL = "-Onone";
			};
			name = Debug;
		};
		FFD64C3D2916EC6F0015F6B3 /* Release */ = {
			isa = XCBuildConfiguration;
			buildSettings = {
				ALWAYS_SEARCH_USER_PATHS = NO;
				CLANG_ANALYZER_LOCALIZABILITY_NONLOCALIZED = YES;
				CLANG_ANALYZER_NONNULL = YES;
				CLANG_ANALYZER_NUMBER_OBJECT_CONVERSION = YES_AGGRESSIVE;
				CLANG_CXX_LANGUAGE_STANDARD = "gnu++20";
				CLANG_ENABLE_MODULES = YES;
				CLANG_ENABLE_OBJC_ARC = YES;
				CLANG_ENABLE_OBJC_WEAK = YES;
				CLANG_WARN_BLOCK_CAPTURE_AUTORELEASING = YES;
				CLANG_WARN_BOOL_CONVERSION = YES;
				CLANG_WARN_COMMA = YES;
				CLANG_WARN_CONSTANT_CONVERSION = YES;
				CLANG_WARN_DEPRECATED_OBJC_IMPLEMENTATIONS = YES;
				CLANG_WARN_DIRECT_OBJC_ISA_USAGE = YES_ERROR;
				CLANG_WARN_DOCUMENTATION_COMMENTS = YES;
				CLANG_WARN_EMPTY_BODY = YES;
				CLANG_WARN_ENUM_CONVERSION = YES;
				CLANG_WARN_INFINITE_RECURSION = YES;
				CLANG_WARN_INT_CONVERSION = YES;
				CLANG_WARN_NON_LITERAL_NULL_CONVERSION = YES;
				CLANG_WARN_OBJC_IMPLICIT_RETAIN_SELF = YES;
				CLANG_WARN_OBJC_LITERAL_CONVERSION = YES;
				CLANG_WARN_OBJC_ROOT_CLASS = YES_ERROR;
				CLANG_WARN_QUOTED_INCLUDE_IN_FRAMEWORK_HEADER = YES;
				CLANG_WARN_RANGE_LOOP_ANALYSIS = YES;
				CLANG_WARN_STRICT_PROTOTYPES = YES;
				CLANG_WARN_SUSPICIOUS_MOVE = YES;
				CLANG_WARN_UNGUARDED_AVAILABILITY = YES_AGGRESSIVE;
				CLANG_WARN_UNREACHABLE_CODE = YES;
				CLANG_WARN__DUPLICATE_METHOD_MATCH = YES;
				COPY_PHASE_STRIP = NO;
				DEBUG_INFORMATION_FORMAT = "dwarf-with-dsym";
				ENABLE_NS_ASSERTIONS = NO;
				ENABLE_STRICT_OBJC_MSGSEND = YES;
				ENABLE_USER_SCRIPT_SANDBOXING = YES;
				GCC_C_LANGUAGE_STANDARD = gnu11;
				GCC_NO_COMMON_BLOCKS = YES;
				GCC_WARN_64_TO_32_BIT_CONVERSION = YES;
				GCC_WARN_ABOUT_RETURN_TYPE = YES_ERROR;
				GCC_WARN_UNDECLARED_SELECTOR = YES;
				GCC_WARN_UNINITIALIZED_AUTOS = YES_AGGRESSIVE;
				GCC_WARN_UNUSED_FUNCTION = YES;
				GCC_WARN_UNUSED_VARIABLE = YES;
				IPHONEOS_DEPLOYMENT_TARGET = 16.1;
				MTL_ENABLE_DEBUG_INFO = NO;
				MTL_FAST_MATH = YES;
				SDKROOT = iphoneos;
				SWIFT_COMPILATION_MODE = wholemodule;
				SWIFT_OPTIMIZATION_LEVEL = "-O";
				VALIDATE_PRODUCT = YES;
			};
			name = Release;
		};
		FFD64C3F2916EC6F0015F6B3 /* Debug */ = {
			isa = XCBuildConfiguration;
			buildSettings = {
				ASSETCATALOG_COMPILER_APPICON_NAME = AppIcon;
				ASSETCATALOG_COMPILER_GLOBAL_ACCENT_COLOR_NAME = AccentColor;
				CODE_SIGN_STYLE = Automatic;
				CURRENT_PROJECT_VERSION = 1;
				DEVELOPMENT_TEAM = 9D7PN847XA;
				GENERATE_INFOPLIST_FILE = YES;
				INFOPLIST_FILE = Navigation/Info.plist;
				INFOPLIST_KEY_CFBundleDisplayName = Navigation;
				INFOPLIST_KEY_NSFaceIDUsageDescription = "We use Face ID/Touch ID to ease authentication of Passcode";
				INFOPLIST_KEY_NSLocationAlwaysAndWhenInUseUsageDescription = "Required for location";
				INFOPLIST_KEY_NSLocationAlwaysUsageDescription = "Required for location";
				INFOPLIST_KEY_NSLocationWhenInUseUsageDescription = "Required for location";
				INFOPLIST_KEY_UIApplicationSupportsIndirectInputEvents = YES;
				INFOPLIST_KEY_UILaunchStoryboardName = LaunchScreen;
				INFOPLIST_KEY_UIMainStoryboardFile = "";
				INFOPLIST_KEY_UISupportedInterfaceOrientations_iPad = "UIInterfaceOrientationPortrait UIInterfaceOrientationPortraitUpsideDown UIInterfaceOrientationLandscapeLeft UIInterfaceOrientationLandscapeRight";
				INFOPLIST_KEY_UISupportedInterfaceOrientations_iPhone = "UIInterfaceOrientationPortrait UIInterfaceOrientationLandscapeLeft UIInterfaceOrientationLandscapeRight";
				LD_RUNPATH_SEARCH_PATHS = (
					"$(inherited)",
					"@executable_path/Frameworks",
				);
				MARKETING_VERSION = 1.0;
				PRODUCT_BUNDLE_IDENTIFIER = ru.beliybear.Navigation;
				PRODUCT_NAME = "$(TARGET_NAME)";
				SUPPORTED_PLATFORMS = "iphoneos iphonesimulator";
				SUPPORTS_MACCATALYST = NO;
				SUPPORTS_MAC_DESIGNED_FOR_IPHONE_IPAD = NO;
				SUPPORTS_XR_DESIGNED_FOR_IPHONE_IPAD = NO;
				SWIFT_EMIT_LOC_STRINGS = YES;
				SWIFT_VERSION = 5.0;
				TARGETED_DEVICE_FAMILY = "1,2";
			};
			name = Debug;
		};
		FFD64C402916EC6F0015F6B3 /* Release */ = {
			isa = XCBuildConfiguration;
			buildSettings = {
				ASSETCATALOG_COMPILER_APPICON_NAME = AppIcon;
				ASSETCATALOG_COMPILER_GLOBAL_ACCENT_COLOR_NAME = AccentColor;
				CODE_SIGN_STYLE = Automatic;
				CURRENT_PROJECT_VERSION = 1;
				DEVELOPMENT_TEAM = 9D7PN847XA;
				GENERATE_INFOPLIST_FILE = YES;
				INFOPLIST_FILE = Navigation/Info.plist;
				INFOPLIST_KEY_CFBundleDisplayName = Navigation;
				INFOPLIST_KEY_NSFaceIDUsageDescription = "We use Face ID/Touch ID to ease authentication of Passcode";
				INFOPLIST_KEY_NSLocationAlwaysAndWhenInUseUsageDescription = "Required for location";
				INFOPLIST_KEY_NSLocationAlwaysUsageDescription = "Required for location";
				INFOPLIST_KEY_NSLocationWhenInUseUsageDescription = "Required for location";
				INFOPLIST_KEY_UIApplicationSupportsIndirectInputEvents = YES;
				INFOPLIST_KEY_UILaunchStoryboardName = LaunchScreen;
				INFOPLIST_KEY_UIMainStoryboardFile = "";
				INFOPLIST_KEY_UISupportedInterfaceOrientations_iPad = "UIInterfaceOrientationPortrait UIInterfaceOrientationPortraitUpsideDown UIInterfaceOrientationLandscapeLeft UIInterfaceOrientationLandscapeRight";
				INFOPLIST_KEY_UISupportedInterfaceOrientations_iPhone = "UIInterfaceOrientationPortrait UIInterfaceOrientationLandscapeLeft UIInterfaceOrientationLandscapeRight";
				LD_RUNPATH_SEARCH_PATHS = (
					"$(inherited)",
					"@executable_path/Frameworks",
				);
				MARKETING_VERSION = 1.0;
				PRODUCT_BUNDLE_IDENTIFIER = ru.beliybear.Navigation;
				PRODUCT_NAME = "$(TARGET_NAME)";
				SUPPORTED_PLATFORMS = "iphoneos iphonesimulator";
				SUPPORTS_MACCATALYST = NO;
				SUPPORTS_MAC_DESIGNED_FOR_IPHONE_IPAD = NO;
				SUPPORTS_XR_DESIGNED_FOR_IPHONE_IPAD = NO;
				SWIFT_EMIT_LOC_STRINGS = YES;
				SWIFT_VERSION = 5.0;
				TARGETED_DEVICE_FAMILY = "1,2";
			};
			name = Release;
		};
/* End XCBuildConfiguration section */

/* Begin XCConfigurationList section */
		FF8D39BB2983C19E002995D1 /* Build configuration list for PBXNativeTarget "StorageService" */ = {
			isa = XCConfigurationList;
			buildConfigurations = (
				FF8D39B92983C19E002995D1 /* Debug */,
				FF8D39BA2983C19E002995D1 /* Release */,
			);
			defaultConfigurationIsVisible = 0;
			defaultConfigurationName = Release;
		};
		FFD64C0F2916EC6E0015F6B3 /* Build configuration list for PBXProject "Navigation" */ = {
			isa = XCConfigurationList;
			buildConfigurations = (
				FFD64C3C2916EC6F0015F6B3 /* Debug */,
				FFD64C3D2916EC6F0015F6B3 /* Release */,
			);
			defaultConfigurationIsVisible = 0;
			defaultConfigurationName = Release;
		};
		FFD64C3E2916EC6F0015F6B3 /* Build configuration list for PBXNativeTarget "Navigation" */ = {
			isa = XCConfigurationList;
			buildConfigurations = (
				FFD64C3F2916EC6F0015F6B3 /* Debug */,
				FFD64C402916EC6F0015F6B3 /* Release */,
			);
			defaultConfigurationIsVisible = 0;
			defaultConfigurationName = Release;
		};
/* End XCConfigurationList section */

/* Begin XCRemoteSwiftPackageReference section */
		FF3BD3C72993FFCE00F4CE31 /* XCRemoteSwiftPackageReference "iOSIntPackage" */ = {
			isa = XCRemoteSwiftPackageReference;
			repositoryURL = "https://github.com/TrueMax/iOSIntPackage";
			requirement = {
				branch = imagepublisher;
				kind = branch;
			};
		};
		FFE8D37E299D089600FD9508 /* XCRemoteSwiftPackageReference "SnapKit" */ = {
			isa = XCRemoteSwiftPackageReference;
			repositoryURL = "https://github.com/SnapKit/SnapKit.git";
			requirement = {
				kind = upToNextMinorVersion;
				minimumVersion = 5.6.0;
			};
		};
/* End XCRemoteSwiftPackageReference section */

/* Begin XCSwiftPackageProductDependency section */
		FF3BD3C82993FFCE00F4CE31 /* iOSIntPackage */ = {
			isa = XCSwiftPackageProductDependency;
			package = FF3BD3C72993FFCE00F4CE31 /* XCRemoteSwiftPackageReference "iOSIntPackage" */;
			productName = iOSIntPackage;
		};
		FFE8D37F299D089600FD9508 /* SnapKit */ = {
			isa = XCSwiftPackageProductDependency;
			package = FFE8D37E299D089600FD9508 /* XCRemoteSwiftPackageReference "SnapKit" */;
			productName = SnapKit;
		};
/* End XCSwiftPackageProductDependency section */

/* Begin XCVersionGroup section */
		FF0DB72029D6FB8B00F492C9 /* CoreData.xcdatamodeld */ = {
			isa = XCVersionGroup;
			children = (
				FF0DB72129D6FB8B00F492C9 /* CoreData.xcdatamodel */,
			);
			currentVersion = FF0DB72129D6FB8B00F492C9 /* CoreData.xcdatamodel */;
			path = CoreData.xcdatamodeld;
			sourceTree = "<group>";
			versionGroupType = wrapper.xcdatamodel;
		};
/* End XCVersionGroup section */
	};
	rootObject = FFD64C0C2916EC6E0015F6B3 /* Project object */;
}
